// !$*UTF8*$!
{
	archiveVersion = 1;
	classes = {
	};
	objectVersion = 46;
	objects = {

/* Begin PBXBuildFile section */
		1367000107EA65FDDBBB4420 /* libPods-crlivingTests.a in Frameworks */ = {isa = PBXBuildFile; fileRef = 0F30758204550657C446DBAF /* libPods-crlivingTests.a */; };
		37FF5CD71E0D690800F07CB8 /* main.m in Sources */ = {isa = PBXBuildFile; fileRef = 37FF5CD61E0D690800F07CB8 /* main.m */; };
		37FF5CDA1E0D690800F07CB8 /* AppDelegate.m in Sources */ = {isa = PBXBuildFile; fileRef = 37FF5CD91E0D690800F07CB8 /* AppDelegate.m */; };
		37FF5CE01E0D690800F07CB8 /* Main.storyboard in Resources */ = {isa = PBXBuildFile; fileRef = 37FF5CDE1E0D690800F07CB8 /* Main.storyboard */; };
		37FF5CE21E0D690800F07CB8 /* Assets.xcassets in Resources */ = {isa = PBXBuildFile; fileRef = 37FF5CE11E0D690800F07CB8 /* Assets.xcassets */; };
		37FF5CE51E0D690800F07CB8 /* LaunchScreen.storyboard in Resources */ = {isa = PBXBuildFile; fileRef = 37FF5CE31E0D690800F07CB8 /* LaunchScreen.storyboard */; };
		37FF5CF01E0D690800F07CB8 /* crlivingTests.m in Sources */ = {isa = PBXBuildFile; fileRef = 37FF5CEF1E0D690800F07CB8 /* crlivingTests.m */; };
		37FF5CFB1E0D690800F07CB8 /* crlivingUITests.m in Sources */ = {isa = PBXBuildFile; fileRef = 37FF5CFA1E0D690800F07CB8 /* crlivingUITests.m */; };
		37FF5D3D1E0D872900F07CB8 /* CRBaseViewController.m in Sources */ = {isa = PBXBuildFile; fileRef = 37FF5D3C1E0D872900F07CB8 /* CRBaseViewController.m */; };
		37FF5D411E0D8BA400F07CB8 /* CRLoginViewController.m in Sources */ = {isa = PBXBuildFile; fileRef = 37FF5D3F1E0D8BA400F07CB8 /* CRLoginViewController.m */; };
		37FF5D421E0D8BA400F07CB8 /* CRLoginViewController.xib in Resources */ = {isa = PBXBuildFile; fileRef = 37FF5D401E0D8BA400F07CB8 /* CRLoginViewController.xib */; };
		A855B953240C8A6002D4DA7C /* libPods-crliving.a in Frameworks */ = {isa = PBXBuildFile; fileRef = DD9A2D59026C9A619073C6F9 /* libPods-crliving.a */; };
		BE3D4F366A8E3E67AF94FE16 /* libPods-crlivingUITests.a in Frameworks */ = {isa = PBXBuildFile; fileRef = 0C1EE6DFFD9F04543A4E3EB1 /* libPods-crlivingUITests.a */; };
/* End PBXBuildFile section */

/* Begin PBXContainerItemProxy section */
		37FF5CEC1E0D690800F07CB8 /* PBXContainerItemProxy */ = {
			isa = PBXContainerItemProxy;
			containerPortal = 37FF5CCA1E0D690800F07CB8 /* Project object */;
			proxyType = 1;
			remoteGlobalIDString = 37FF5CD11E0D690800F07CB8;
			remoteInfo = crliving;
		};
		37FF5CF71E0D690800F07CB8 /* PBXContainerItemProxy */ = {
			isa = PBXContainerItemProxy;
			containerPortal = 37FF5CCA1E0D690800F07CB8 /* Project object */;
			proxyType = 1;
			remoteGlobalIDString = 37FF5CD11E0D690800F07CB8;
			remoteInfo = crliving;
		};
/* End PBXContainerItemProxy section */

/* Begin PBXFileReference section */
		06BF2FE80631EE72615FD9F8 /* Pods-crliving.release.xcconfig */ = {isa = PBXFileReference; includeInIndex = 1; lastKnownFileType = text.xcconfig; name = "Pods-crliving.release.xcconfig"; path = "Pods/Target Support Files/Pods-crliving/Pods-crliving.release.xcconfig"; sourceTree = "<group>"; };
		0C1EE6DFFD9F04543A4E3EB1 /* libPods-crlivingUITests.a */ = {isa = PBXFileReference; explicitFileType = archive.ar; includeInIndex = 0; path = "libPods-crlivingUITests.a"; sourceTree = BUILT_PRODUCTS_DIR; };
		0F30758204550657C446DBAF /* libPods-crlivingTests.a */ = {isa = PBXFileReference; explicitFileType = archive.ar; includeInIndex = 0; path = "libPods-crlivingTests.a"; sourceTree = BUILT_PRODUCTS_DIR; };
		13340DF9D617486E4636CFAB /* Pods-crliving.debug.xcconfig */ = {isa = PBXFileReference; includeInIndex = 1; lastKnownFileType = text.xcconfig; name = "Pods-crliving.debug.xcconfig"; path = "Pods/Target Support Files/Pods-crliving/Pods-crliving.debug.xcconfig"; sourceTree = "<group>"; };
		217EE0CEDFB4226962D43F12 /* Pods-crlivingUITests.release.xcconfig */ = {isa = PBXFileReference; includeInIndex = 1; lastKnownFileType = text.xcconfig; name = "Pods-crlivingUITests.release.xcconfig"; path = "Pods/Target Support Files/Pods-crlivingUITests/Pods-crlivingUITests.release.xcconfig"; sourceTree = "<group>"; };
		278F66FCEE9EFB18B3D85936 /* Pods-crlivingTests.release.xcconfig */ = {isa = PBXFileReference; includeInIndex = 1; lastKnownFileType = text.xcconfig; name = "Pods-crlivingTests.release.xcconfig"; path = "Pods/Target Support Files/Pods-crlivingTests/Pods-crlivingTests.release.xcconfig"; sourceTree = "<group>"; };
		37FF5CD21E0D690800F07CB8 /* crliving.app */ = {isa = PBXFileReference; explicitFileType = wrapper.application; includeInIndex = 0; path = crliving.app; sourceTree = BUILT_PRODUCTS_DIR; };
		37FF5CD61E0D690800F07CB8 /* main.m */ = {isa = PBXFileReference; lastKnownFileType = sourcecode.c.objc; path = main.m; sourceTree = "<group>"; };
		37FF5CD81E0D690800F07CB8 /* AppDelegate.h */ = {isa = PBXFileReference; lastKnownFileType = sourcecode.c.h; name = AppDelegate.h; path = ../../AppDelegate.h; sourceTree = "<group>"; };
		37FF5CD91E0D690800F07CB8 /* AppDelegate.m */ = {isa = PBXFileReference; lastKnownFileType = sourcecode.c.objc; name = AppDelegate.m; path = ../../AppDelegate.m; sourceTree = "<group>"; };
		37FF5CDF1E0D690800F07CB8 /* Base */ = {isa = PBXFileReference; lastKnownFileType = file.storyboard; name = Base; path = Base.lproj/Main.storyboard; sourceTree = "<group>"; };
		37FF5CE11E0D690800F07CB8 /* Assets.xcassets */ = {isa = PBXFileReference; lastKnownFileType = folder.assetcatalog; name = Assets.xcassets; path = ../../Assets.xcassets; sourceTree = "<group>"; };
		37FF5CE41E0D690800F07CB8 /* Base */ = {isa = PBXFileReference; lastKnownFileType = file.storyboard; name = Base; path = Base.lproj/LaunchScreen.storyboard; sourceTree = "<group>"; };
		37FF5CE61E0D690800F07CB8 /* Info.plist */ = {isa = PBXFileReference; lastKnownFileType = text.plist.xml; name = Info.plist; path = ../../Info.plist; sourceTree = "<group>"; };
		37FF5CEB1E0D690800F07CB8 /* crlivingTests.xctest */ = {isa = PBXFileReference; explicitFileType = wrapper.cfbundle; includeInIndex = 0; path = crlivingTests.xctest; sourceTree = BUILT_PRODUCTS_DIR; };
		37FF5CEF1E0D690800F07CB8 /* crlivingTests.m */ = {isa = PBXFileReference; lastKnownFileType = sourcecode.c.objc; path = crlivingTests.m; sourceTree = "<group>"; };
		37FF5CF11E0D690800F07CB8 /* Info.plist */ = {isa = PBXFileReference; lastKnownFileType = text.plist.xml; path = Info.plist; sourceTree = "<group>"; };
		37FF5CF61E0D690800F07CB8 /* crlivingUITests.xctest */ = {isa = PBXFileReference; explicitFileType = wrapper.cfbundle; includeInIndex = 0; path = crlivingUITests.xctest; sourceTree = BUILT_PRODUCTS_DIR; };
		37FF5CFA1E0D690800F07CB8 /* crlivingUITests.m */ = {isa = PBXFileReference; lastKnownFileType = sourcecode.c.objc; path = crlivingUITests.m; sourceTree = "<group>"; };
		37FF5CFC1E0D690800F07CB8 /* Info.plist */ = {isa = PBXFileReference; lastKnownFileType = text.plist.xml; path = Info.plist; sourceTree = "<group>"; };
		37FF5D3B1E0D872900F07CB8 /* CRBaseViewController.h */ = {isa = PBXFileReference; fileEncoding = 4; lastKnownFileType = sourcecode.c.h; path = CRBaseViewController.h; sourceTree = "<group>"; };
		37FF5D3C1E0D872900F07CB8 /* CRBaseViewController.m */ = {isa = PBXFileReference; fileEncoding = 4; lastKnownFileType = sourcecode.c.objc; path = CRBaseViewController.m; sourceTree = "<group>"; };
		37FF5D3E1E0D8BA400F07CB8 /* CRLoginViewController.h */ = {isa = PBXFileReference; fileEncoding = 4; lastKnownFileType = sourcecode.c.h; path = CRLoginViewController.h; sourceTree = "<group>"; };
		37FF5D3F1E0D8BA400F07CB8 /* CRLoginViewController.m */ = {isa = PBXFileReference; fileEncoding = 4; lastKnownFileType = sourcecode.c.objc; path = CRLoginViewController.m; sourceTree = "<group>"; };
		37FF5D401E0D8BA400F07CB8 /* CRLoginViewController.xib */ = {isa = PBXFileReference; fileEncoding = 4; lastKnownFileType = file.xib; path = CRLoginViewController.xib; sourceTree = "<group>"; };
		3D526EC2AED7837C66504E87 /* Pods-crlivingTests.debug.xcconfig */ = {isa = PBXFileReference; includeInIndex = 1; lastKnownFileType = text.xcconfig; name = "Pods-crlivingTests.debug.xcconfig"; path = "Pods/Target Support Files/Pods-crlivingTests/Pods-crlivingTests.debug.xcconfig"; sourceTree = "<group>"; };
		CE25E53C910E8E35FA9F7ADD /* Pods-crlivingUITests.debug.xcconfig */ = {isa = PBXFileReference; includeInIndex = 1; lastKnownFileType = text.xcconfig; name = "Pods-crlivingUITests.debug.xcconfig"; path = "Pods/Target Support Files/Pods-crlivingUITests/Pods-crlivingUITests.debug.xcconfig"; sourceTree = "<group>"; };
		DD9A2D59026C9A619073C6F9 /* libPods-crliving.a */ = {isa = PBXFileReference; explicitFileType = archive.ar; includeInIndex = 0; path = "libPods-crliving.a"; sourceTree = BUILT_PRODUCTS_DIR; };
/* End PBXFileReference section */

/* Begin PBXFrameworksBuildPhase section */
		37FF5CCF1E0D690800F07CB8 /* Frameworks */ = {
			isa = PBXFrameworksBuildPhase;
			buildActionMask = 2147483647;
			files = (
				A855B953240C8A6002D4DA7C /* libPods-crliving.a in Frameworks */,
			);
			runOnlyForDeploymentPostprocessing = 0;
		};
		37FF5CE81E0D690800F07CB8 /* Frameworks */ = {
			isa = PBXFrameworksBuildPhase;
			buildActionMask = 2147483647;
			files = (
				1367000107EA65FDDBBB4420 /* libPods-crlivingTests.a in Frameworks */,
			);
			runOnlyForDeploymentPostprocessing = 0;
		};
		37FF5CF31E0D690800F07CB8 /* Frameworks */ = {
			isa = PBXFrameworksBuildPhase;
			buildActionMask = 2147483647;
			files = (
				BE3D4F366A8E3E67AF94FE16 /* libPods-crlivingUITests.a in Frameworks */,
			);
			runOnlyForDeploymentPostprocessing = 0;
		};
/* End PBXFrameworksBuildPhase section */

/* Begin PBXGroup section */
		37FF5CC91E0D690800F07CB8 = {
			isa = PBXGroup;
			children = (
				37FF5CD41E0D690800F07CB8 /* crliving */,
				37FF5CEE1E0D690800F07CB8 /* crlivingTests */,
				37FF5CF91E0D690800F07CB8 /* crlivingUITests */,
				37FF5CD31E0D690800F07CB8 /* Products */,
				6DA37EF8EEBE8F66880BBC3F /* Pods */,
				6730687288A3F09C6C34DB37 /* Frameworks */,
			);
			sourceTree = "<group>";
		};
		37FF5CD31E0D690800F07CB8 /* Products */ = {
			isa = PBXGroup;
			children = (
				37FF5CD21E0D690800F07CB8 /* crliving.app */,
				37FF5CEB1E0D690800F07CB8 /* crlivingTests.xctest */,
				37FF5CF61E0D690800F07CB8 /* crlivingUITests.xctest */,
			);
			name = Products;
			sourceTree = "<group>";
		};
		37FF5CD41E0D690800F07CB8 /* crliving */ = {
			isa = PBXGroup;
			children = (
				37FF5D081E0D7FBB00F07CB8 /* Classes */,
				37FF5CD51E0D690800F07CB8 /* Supporting Files */,
			);
			path = crliving;
			sourceTree = "<group>";
		};
		37FF5CD51E0D690800F07CB8 /* Supporting Files */ = {
			isa = PBXGroup;
			children = (
				37FF5CD61E0D690800F07CB8 /* main.m */,
			);
			name = "Supporting Files";
			sourceTree = "<group>";
		};
		37FF5CEE1E0D690800F07CB8 /* crlivingTests */ = {
			isa = PBXGroup;
			children = (
				37FF5CEF1E0D690800F07CB8 /* crlivingTests.m */,
				37FF5CF11E0D690800F07CB8 /* Info.plist */,
			);
			path = crlivingTests;
			sourceTree = "<group>";
		};
		37FF5CF91E0D690800F07CB8 /* crlivingUITests */ = {
			isa = PBXGroup;
			children = (
				37FF5CFA1E0D690800F07CB8 /* crlivingUITests.m */,
				37FF5CFC1E0D690800F07CB8 /* Info.plist */,
			);
			path = crlivingUITests;
			sourceTree = "<group>";
		};
		37FF5D081E0D7FBB00F07CB8 /* Classes */ = {
			isa = PBXGroup;
			children = (
				37FF5D281E0D816F00F07CB8 /* Base */,
				37FF5D2C1E0D816F00F07CB8 /* Helper */,
				37FF5D2F1E0D816F00F07CB8 /* Home */,
				37FF5D331E0D816F00F07CB8 /* Login */,
				37FF5D371E0D816F00F07CB8 /* Mine */,
				37FF5D131E0D7FBB00F07CB8 /* Other */,
			);
			path = Classes;
			sourceTree = "<group>";
		};
		37FF5D131E0D7FBB00F07CB8 /* Other */ = {
			isa = PBXGroup;
			children = (
				37FF5CD81E0D690800F07CB8 /* AppDelegate.h */,
				37FF5CD91E0D690800F07CB8 /* AppDelegate.m */,
				37FF5CDE1E0D690800F07CB8 /* Main.storyboard */,
				37FF5CE11E0D690800F07CB8 /* Assets.xcassets */,
				37FF5CE31E0D690800F07CB8 /* LaunchScreen.storyboard */,
				37FF5CE61E0D690800F07CB8 /* Info.plist */,
			);
			path = Other;
			sourceTree = "<group>";
		};
		37FF5D281E0D816F00F07CB8 /* Base */ = {
			isa = PBXGroup;
			children = (
				37FF5D291E0D816F00F07CB8 /* Controllers */,
				37FF5D2A1E0D816F00F07CB8 /* Models */,
				37FF5D2B1E0D816F00F07CB8 /* Views */,
			);
			path = Base;
			sourceTree = "<group>";
		};
		37FF5D291E0D816F00F07CB8 /* Controllers */ = {
			isa = PBXGroup;
			children = (
				37FF5D3B1E0D872900F07CB8 /* CRBaseViewController.h */,
				37FF5D3C1E0D872900F07CB8 /* CRBaseViewController.m */,
			);
			path = Controllers;
			sourceTree = "<group>";
		};
		37FF5D2A1E0D816F00F07CB8 /* Models */ = {
			isa = PBXGroup;
			children = (
			);
			path = Models;
			sourceTree = "<group>";
		};
		37FF5D2B1E0D816F00F07CB8 /* Views */ = {
			isa = PBXGroup;
			children = (
			);
			path = Views;
			sourceTree = "<group>";
		};
		37FF5D2C1E0D816F00F07CB8 /* Helper */ = {
			isa = PBXGroup;
			children = (
				37FF5D2D1E0D816F00F07CB8 /* Category */,
				37FF5D2E1E0D816F00F07CB8 /* Tools */,
			);
			path = Helper;
			sourceTree = "<group>";
		};
		37FF5D2D1E0D816F00F07CB8 /* Category */ = {
			isa = PBXGroup;
			children = (
			);
			path = Category;
			sourceTree = "<group>";
		};
		37FF5D2E1E0D816F00F07CB8 /* Tools */ = {
			isa = PBXGroup;
			children = (
			);
			path = Tools;
			sourceTree = "<group>";
		};
		37FF5D2F1E0D816F00F07CB8 /* Home */ = {
			isa = PBXGroup;
			children = (
				37FF5D301E0D816F00F07CB8 /* Controller */,
				37FF5D311E0D816F00F07CB8 /* Model */,
				37FF5D321E0D816F00F07CB8 /* View */,
			);
			path = Home;
			sourceTree = "<group>";
		};
		37FF5D301E0D816F00F07CB8 /* Controller */ = {
			isa = PBXGroup;
			children = (
			);
			path = Controller;
			sourceTree = "<group>";
		};
		37FF5D311E0D816F00F07CB8 /* Model */ = {
			isa = PBXGroup;
			children = (
			);
			path = Model;
			sourceTree = "<group>";
		};
		37FF5D321E0D816F00F07CB8 /* View */ = {
			isa = PBXGroup;
			children = (
			);
			path = View;
			sourceTree = "<group>";
		};
		37FF5D331E0D816F00F07CB8 /* Login */ = {
			isa = PBXGroup;
			children = (
				37FF5D341E0D816F00F07CB8 /* Controller */,
				37FF5D351E0D816F00F07CB8 /* Model */,
				37FF5D361E0D816F00F07CB8 /* View */,
			);
			path = Login;
			sourceTree = "<group>";
		};
		37FF5D341E0D816F00F07CB8 /* Controller */ = {
			isa = PBXGroup;
			children = (
				37FF5D3E1E0D8BA400F07CB8 /* CRLoginViewController.h */,
				37FF5D3F1E0D8BA400F07CB8 /* CRLoginViewController.m */,
				37FF5D401E0D8BA400F07CB8 /* CRLoginViewController.xib */,
			);
			path = Controller;
			sourceTree = "<group>";
		};
		37FF5D351E0D816F00F07CB8 /* Model */ = {
			isa = PBXGroup;
			children = (
			);
			path = Model;
			sourceTree = "<group>";
		};
		37FF5D361E0D816F00F07CB8 /* View */ = {
			isa = PBXGroup;
			children = (
			);
			path = View;
			sourceTree = "<group>";
		};
		37FF5D371E0D816F00F07CB8 /* Mine */ = {
			isa = PBXGroup;
			children = (
				37FF5D381E0D816F00F07CB8 /* Controller */,
				37FF5D391E0D816F00F07CB8 /* Model */,
				37FF5D3A1E0D816F00F07CB8 /* View */,
			);
			path = Mine;
			sourceTree = "<group>";
		};
		37FF5D381E0D816F00F07CB8 /* Controller */ = {
			isa = PBXGroup;
			children = (
			);
			path = Controller;
			sourceTree = "<group>";
		};
		37FF5D391E0D816F00F07CB8 /* Model */ = {
			isa = PBXGroup;
			children = (
			);
			path = Model;
			sourceTree = "<group>";
		};
		37FF5D3A1E0D816F00F07CB8 /* View */ = {
			isa = PBXGroup;
			children = (
			);
			path = View;
			sourceTree = "<group>";
		};
		6730687288A3F09C6C34DB37 /* Frameworks */ = {
			isa = PBXGroup;
			children = (
				DD9A2D59026C9A619073C6F9 /* libPods-crliving.a */,
				0F30758204550657C446DBAF /* libPods-crlivingTests.a */,
				0C1EE6DFFD9F04543A4E3EB1 /* libPods-crlivingUITests.a */,
			);
			name = Frameworks;
			sourceTree = "<group>";
		};
		6DA37EF8EEBE8F66880BBC3F /* Pods */ = {
			isa = PBXGroup;
			children = (
				13340DF9D617486E4636CFAB /* Pods-crliving.debug.xcconfig */,
				06BF2FE80631EE72615FD9F8 /* Pods-crliving.release.xcconfig */,
				3D526EC2AED7837C66504E87 /* Pods-crlivingTests.debug.xcconfig */,
				278F66FCEE9EFB18B3D85936 /* Pods-crlivingTests.release.xcconfig */,
				CE25E53C910E8E35FA9F7ADD /* Pods-crlivingUITests.debug.xcconfig */,
				217EE0CEDFB4226962D43F12 /* Pods-crlivingUITests.release.xcconfig */,
			);
			name = Pods;
			sourceTree = "<group>";
		};
/* End PBXGroup section */

/* Begin PBXNativeTarget section */
		37FF5CD11E0D690800F07CB8 /* crliving */ = {
			isa = PBXNativeTarget;
			buildConfigurationList = 37FF5CFF1E0D690800F07CB8 /* Build configuration list for PBXNativeTarget "crliving" */;
			buildPhases = (
				2CD0E71B9CEA06ECB62AE38F /* [CP] Check Pods Manifest.lock */,
				37FF5CCE1E0D690800F07CB8 /* Sources */,
				37FF5CCF1E0D690800F07CB8 /* Frameworks */,
				37FF5CD01E0D690800F07CB8 /* Resources */,
				A35D6359F6B1CFD970851D12 /* [CP] Embed Pods Frameworks */,
				9EE60604004506756F42945B /* [CP] Copy Pods Resources */,
			);
			buildRules = (
			);
			dependencies = (
			);
			name = crliving;
			productName = crliving;
			productReference = 37FF5CD21E0D690800F07CB8 /* crliving.app */;
			productType = "com.apple.product-type.application";
		};
		37FF5CEA1E0D690800F07CB8 /* crlivingTests */ = {
			isa = PBXNativeTarget;
			buildConfigurationList = 37FF5D021E0D690800F07CB8 /* Build configuration list for PBXNativeTarget "crlivingTests" */;
			buildPhases = (
				6B1FC81890EDFF03D31516B0 /* [CP] Check Pods Manifest.lock */,
				37FF5CE71E0D690800F07CB8 /* Sources */,
				37FF5CE81E0D690800F07CB8 /* Frameworks */,
				37FF5CE91E0D690800F07CB8 /* Resources */,
				486852D9E299AAD581C1020A /* [CP] Embed Pods Frameworks */,
				1214664BADDDFD02F54C8873 /* [CP] Copy Pods Resources */,
			);
			buildRules = (
			);
			dependencies = (
				37FF5CED1E0D690800F07CB8 /* PBXTargetDependency */,
			);
			name = crlivingTests;
			productName = crlivingTests;
			productReference = 37FF5CEB1E0D690800F07CB8 /* crlivingTests.xctest */;
			productType = "com.apple.product-type.bundle.unit-test";
		};
		37FF5CF51E0D690800F07CB8 /* crlivingUITests */ = {
			isa = PBXNativeTarget;
			buildConfigurationList = 37FF5D051E0D690800F07CB8 /* Build configuration list for PBXNativeTarget "crlivingUITests" */;
			buildPhases = (
				7A03A2F14BDD38F8C73A03EC /* [CP] Check Pods Manifest.lock */,
				37FF5CF21E0D690800F07CB8 /* Sources */,
				37FF5CF31E0D690800F07CB8 /* Frameworks */,
				37FF5CF41E0D690800F07CB8 /* Resources */,
				02A07B8424E20D221E0BDA1B /* [CP] Embed Pods Frameworks */,
				00C59586B5B82EFDC9FB990D /* [CP] Copy Pods Resources */,
			);
			buildRules = (
			);
			dependencies = (
				37FF5CF81E0D690800F07CB8 /* PBXTargetDependency */,
			);
			name = crlivingUITests;
			productName = crlivingUITests;
			productReference = 37FF5CF61E0D690800F07CB8 /* crlivingUITests.xctest */;
			productType = "com.apple.product-type.bundle.ui-testing";
		};
/* End PBXNativeTarget section */

/* Begin PBXProject section */
		37FF5CCA1E0D690800F07CB8 /* Project object */ = {
			isa = PBXProject;
			attributes = {
				LastUpgradeCheck = 0820;
				ORGANIZATIONNAME = Tristana;
				TargetAttributes = {
					37FF5CD11E0D690800F07CB8 = {
						CreatedOnToolsVersion = 8.2;
						ProvisioningStyle = Automatic;
					};
					37FF5CEA1E0D690800F07CB8 = {
						CreatedOnToolsVersion = 8.2;
						ProvisioningStyle = Automatic;
						TestTargetID = 37FF5CD11E0D690800F07CB8;
					};
					37FF5CF51E0D690800F07CB8 = {
						CreatedOnToolsVersion = 8.2;
						ProvisioningStyle = Automatic;
						TestTargetID = 37FF5CD11E0D690800F07CB8;
					};
				};
			};
			buildConfigurationList = 37FF5CCD1E0D690800F07CB8 /* Build configuration list for PBXProject "crliving" */;
			compatibilityVersion = "Xcode 3.2";
			developmentRegion = English;
			hasScannedForEncodings = 0;
			knownRegions = (
				en,
				Base,
			);
			mainGroup = 37FF5CC91E0D690800F07CB8;
			productRefGroup = 37FF5CD31E0D690800F07CB8 /* Products */;
			projectDirPath = "";
			projectRoot = "";
			targets = (
				37FF5CD11E0D690800F07CB8 /* crliving */,
				37FF5CEA1E0D690800F07CB8 /* crlivingTests */,
				37FF5CF51E0D690800F07CB8 /* crlivingUITests */,
			);
		};
/* End PBXProject section */

/* Begin PBXResourcesBuildPhase section */
		37FF5CD01E0D690800F07CB8 /* Resources */ = {
			isa = PBXResourcesBuildPhase;
			buildActionMask = 2147483647;
			files = (
				37FF5CE51E0D690800F07CB8 /* LaunchScreen.storyboard in Resources */,
				37FF5CE21E0D690800F07CB8 /* Assets.xcassets in Resources */,
				37FF5CE01E0D690800F07CB8 /* Main.storyboard in Resources */,
				37FF5D421E0D8BA400F07CB8 /* CRLoginViewController.xib in Resources */,
			);
			runOnlyForDeploymentPostprocessing = 0;
		};
		37FF5CE91E0D690800F07CB8 /* Resources */ = {
			isa = PBXResourcesBuildPhase;
			buildActionMask = 2147483647;
			files = (
			);
			runOnlyForDeploymentPostprocessing = 0;
		};
		37FF5CF41E0D690800F07CB8 /* Resources */ = {
			isa = PBXResourcesBuildPhase;
			buildActionMask = 2147483647;
			files = (
			);
			runOnlyForDeploymentPostprocessing = 0;
		};
/* End PBXResourcesBuildPhase section */

/* Begin PBXShellScriptBuildPhase section */
		00C59586B5B82EFDC9FB990D /* [CP] Copy Pods Resources */ = {
			isa = PBXShellScriptBuildPhase;
			buildActionMask = 2147483647;
			files = (
			);
			inputPaths = (
			);
			name = "[CP] Copy Pods Resources";
			outputPaths = (
			);
			runOnlyForDeploymentPostprocessing = 0;
			shellPath = /bin/sh;
			shellScript = "\"${SRCROOT}/Pods/Target Support Files/Pods-crlivingUITests/Pods-crlivingUITests-resources.sh\"\n";
			showEnvVarsInLog = 0;
		};
		02A07B8424E20D221E0BDA1B /* [CP] Embed Pods Frameworks */ = {
			isa = PBXShellScriptBuildPhase;
			buildActionMask = 2147483647;
			files = (
			);
			inputPaths = (
			);
			name = "[CP] Embed Pods Frameworks";
			outputPaths = (
			);
			runOnlyForDeploymentPostprocessing = 0;
			shellPath = /bin/sh;
			shellScript = "\"${SRCROOT}/Pods/Target Support Files/Pods-crlivingUITests/Pods-crlivingUITests-frameworks.sh\"\n";
			showEnvVarsInLog = 0;
		};
		1214664BADDDFD02F54C8873 /* [CP] Copy Pods Resources */ = {
			isa = PBXShellScriptBuildPhase;
			buildActionMask = 2147483647;
			files = (
			);
			inputPaths = (
			);
			name = "[CP] Copy Pods Resources";
			outputPaths = (
			);
			runOnlyForDeploymentPostprocessing = 0;
			shellPath = /bin/sh;
			shellScript = "\"${SRCROOT}/Pods/Target Support Files/Pods-crlivingTests/Pods-crlivingTests-resources.sh\"\n";
			showEnvVarsInLog = 0;
		};
		2CD0E71B9CEA06ECB62AE38F /* [CP] Check Pods Manifest.lock */ = {
			isa = PBXShellScriptBuildPhase;
			buildActionMask = 2147483647;
			files = (
			);
			inputPaths = (
			);
			name = "[CP] Check Pods Manifest.lock";
			outputPaths = (
			);
			runOnlyForDeploymentPostprocessing = 0;
			shellPath = /bin/sh;
			shellScript = "diff \"${PODS_ROOT}/../Podfile.lock\" \"${PODS_ROOT}/Manifest.lock\" > /dev/null\nif [ $? != 0 ] ; then\n    # print error to STDERR\n    echo \"error: The sandbox is not in sync with the Podfile.lock. Run 'pod install' or update your CocoaPods installation.\" >&2\n    exit 1\nfi\n";
			showEnvVarsInLog = 0;
		};
		486852D9E299AAD581C1020A /* [CP] Embed Pods Frameworks */ = {
			isa = PBXShellScriptBuildPhase;
			buildActionMask = 2147483647;
			files = (
			);
			inputPaths = (
			);
			name = "[CP] Embed Pods Frameworks";
			outputPaths = (
			);
			runOnlyForDeploymentPostprocessing = 0;
			shellPath = /bin/sh;
			shellScript = "\"${SRCROOT}/Pods/Target Support Files/Pods-crlivingTests/Pods-crlivingTests-frameworks.sh\"\n";
			showEnvVarsInLog = 0;
		};
		6B1FC81890EDFF03D31516B0 /* [CP] Check Pods Manifest.lock */ = {
			isa = PBXShellScriptBuildPhase;
			buildActionMask = 2147483647;
			files = (
			);
			inputPaths = (
			);
			name = "[CP] Check Pods Manifest.lock";
			outputPaths = (
			);
			runOnlyForDeploymentPostprocessing = 0;
			shellPath = /bin/sh;
			shellScript = "diff \"${PODS_ROOT}/../Podfile.lock\" \"${PODS_ROOT}/Manifest.lock\" > /dev/null\nif [ $? != 0 ] ; then\n    # print error to STDERR\n    echo \"error: The sandbox is not in sync with the Podfile.lock. Run 'pod install' or update your CocoaPods installation.\" >&2\n    exit 1\nfi\n";
			showEnvVarsInLog = 0;
		};
		7A03A2F14BDD38F8C73A03EC /* [CP] Check Pods Manifest.lock */ = {
			isa = PBXShellScriptBuildPhase;
			buildActionMask = 2147483647;
			files = (
			);
			inputPaths = (
			);
			name = "[CP] Check Pods Manifest.lock";
			outputPaths = (
			);
			runOnlyForDeploymentPostprocessing = 0;
			shellPath = /bin/sh;
			shellScript = "diff \"${PODS_ROOT}/../Podfile.lock\" \"${PODS_ROOT}/Manifest.lock\" > /dev/null\nif [ $? != 0 ] ; then\n    # print error to STDERR\n    echo \"error: The sandbox is not in sync with the Podfile.lock. Run 'pod install' or update your CocoaPods installation.\" >&2\n    exit 1\nfi\n";
			showEnvVarsInLog = 0;
		};
		9EE60604004506756F42945B /* [CP] Copy Pods Resources */ = {
			isa = PBXShellScriptBuildPhase;
			buildActionMask = 2147483647;
			files = (
			);
			inputPaths = (
			);
			name = "[CP] Copy Pods Resources";
			outputPaths = (
			);
			runOnlyForDeploymentPostprocessing = 0;
			shellPath = /bin/sh;
			shellScript = "\"${SRCROOT}/Pods/Target Support Files/Pods-crliving/Pods-crliving-resources.sh\"\n";
			showEnvVarsInLog = 0;
		};
		A35D6359F6B1CFD970851D12 /* [CP] Embed Pods Frameworks */ = {
			isa = PBXShellScriptBuildPhase;
			buildActionMask = 2147483647;
			files = (
			);
			inputPaths = (
			);
			name = "[CP] Embed Pods Frameworks";
			outputPaths = (
			);
			runOnlyForDeploymentPostprocessing = 0;
			shellPath = /bin/sh;
			shellScript = "\"${SRCROOT}/Pods/Target Support Files/Pods-crliving/Pods-crliving-frameworks.sh\"\n";
			showEnvVarsInLog = 0;
		};
/* End PBXShellScriptBuildPhase section */

/* Begin PBXSourcesBuildPhase section */
		37FF5CCE1E0D690800F07CB8 /* Sources */ = {
			isa = PBXSourcesBuildPhase;
			buildActionMask = 2147483647;
			files = (
				37FF5CDA1E0D690800F07CB8 /* AppDelegate.m in Sources */,
				37FF5CD71E0D690800F07CB8 /* main.m in Sources */,
				37FF5D3D1E0D872900F07CB8 /* CRBaseViewController.m in Sources */,
				37FF5D411E0D8BA400F07CB8 /* CRLoginViewController.m in Sources */,
			);
			runOnlyForDeploymentPostprocessing = 0;
		};
		37FF5CE71E0D690800F07CB8 /* Sources */ = {
			isa = PBXSourcesBuildPhase;
			buildActionMask = 2147483647;
			files = (
				37FF5CF01E0D690800F07CB8 /* crlivingTests.m in Sources */,
			);
			runOnlyForDeploymentPostprocessing = 0;
		};
		37FF5CF21E0D690800F07CB8 /* Sources */ = {
			isa = PBXSourcesBuildPhase;
			buildActionMask = 2147483647;
			files = (
				37FF5CFB1E0D690800F07CB8 /* crlivingUITests.m in Sources */,
			);
			runOnlyForDeploymentPostprocessing = 0;
		};
/* End PBXSourcesBuildPhase section */

/* Begin PBXTargetDependency section */
		37FF5CED1E0D690800F07CB8 /* PBXTargetDependency */ = {
			isa = PBXTargetDependency;
			target = 37FF5CD11E0D690800F07CB8 /* crliving */;
			targetProxy = 37FF5CEC1E0D690800F07CB8 /* PBXContainerItemProxy */;
		};
		37FF5CF81E0D690800F07CB8 /* PBXTargetDependency */ = {
			isa = PBXTargetDependency;
			target = 37FF5CD11E0D690800F07CB8 /* crliving */;
			targetProxy = 37FF5CF71E0D690800F07CB8 /* PBXContainerItemProxy */;
		};
/* End PBXTargetDependency section */

/* Begin PBXVariantGroup section */
		37FF5CDE1E0D690800F07CB8 /* Main.storyboard */ = {
			isa = PBXVariantGroup;
			children = (
				37FF5CDF1E0D690800F07CB8 /* Base */,
			);
			name = Main.storyboard;
			path = ../..;
			sourceTree = "<group>";
		};
		37FF5CE31E0D690800F07CB8 /* LaunchScreen.storyboard */ = {
			isa = PBXVariantGroup;
			children = (
				37FF5CE41E0D690800F07CB8 /* Base */,
			);
			name = LaunchScreen.storyboard;
			path = ../..;
			sourceTree = "<group>";
		};
/* End PBXVariantGroup section */

/* Begin XCBuildConfiguration section */
		37FF5CFD1E0D690800F07CB8 /* Debug */ = {
			isa = XCBuildConfiguration;
			buildSettings = {
				ALWAYS_SEARCH_USER_PATHS = NO;
				CLANG_ANALYZER_NONNULL = YES;
				CLANG_CXX_LANGUAGE_STANDARD = "gnu++0x";
				CLANG_CXX_LIBRARY = "libc++";
				CLANG_ENABLE_MODULES = YES;
				CLANG_ENABLE_OBJC_ARC = YES;
				CLANG_WARN_BOOL_CONVERSION = YES;
				CLANG_WARN_CONSTANT_CONVERSION = YES;
				CLANG_WARN_DIRECT_OBJC_ISA_USAGE = YES_ERROR;
				CLANG_WARN_DOCUMENTATION_COMMENTS = YES;
				CLANG_WARN_EMPTY_BODY = YES;
				CLANG_WARN_ENUM_CONVERSION = YES;
				CLANG_WARN_INFINITE_RECURSION = YES;
				CLANG_WARN_INT_CONVERSION = YES;
				CLANG_WARN_OBJC_ROOT_CLASS = YES_ERROR;
				CLANG_WARN_SUSPICIOUS_MOVE = YES;
				CLANG_WARN_UNREACHABLE_CODE = YES;
				CLANG_WARN__DUPLICATE_METHOD_MATCH = YES;
				"CODE_SIGN_IDENTITY[sdk=iphoneos*]" = "iPhone Developer";
				COPY_PHASE_STRIP = NO;
				DEBUG_INFORMATION_FORMAT = dwarf;
				ENABLE_STRICT_OBJC_MSGSEND = YES;
				ENABLE_TESTABILITY = YES;
				GCC_C_LANGUAGE_STANDARD = gnu99;
				GCC_DYNAMIC_NO_PIC = NO;
				GCC_NO_COMMON_BLOCKS = YES;
				GCC_OPTIMIZATION_LEVEL = 0;
				GCC_PREPROCESSOR_DEFINITIONS = (
					"DEBUG=1",
					"$(inherited)",
				);
				GCC_WARN_64_TO_32_BIT_CONVERSION = YES;
				GCC_WARN_ABOUT_RETURN_TYPE = YES_ERROR;
				GCC_WARN_UNDECLARED_SELECTOR = YES;
				GCC_WARN_UNINITIALIZED_AUTOS = YES_AGGRESSIVE;
				GCC_WARN_UNUSED_FUNCTION = YES;
				GCC_WARN_UNUSED_VARIABLE = YES;
				IPHONEOS_DEPLOYMENT_TARGET = 10.2;
				MTL_ENABLE_DEBUG_INFO = YES;
				ONLY_ACTIVE_ARCH = YES;
				SDKROOT = iphoneos;
				TARGETED_DEVICE_FAMILY = "1,2";
			};
			name = Debug;
		};
		37FF5CFE1E0D690800F07CB8 /* Release */ = {
			isa = XCBuildConfiguration;
			buildSettings = {
				ALWAYS_SEARCH_USER_PATHS = NO;
				CLANG_ANALYZER_NONNULL = YES;
				CLANG_CXX_LANGUAGE_STANDARD = "gnu++0x";
				CLANG_CXX_LIBRARY = "libc++";
				CLANG_ENABLE_MODULES = YES;
				CLANG_ENABLE_OBJC_ARC = YES;
				CLANG_WARN_BOOL_CONVERSION = YES;
				CLANG_WARN_CONSTANT_CONVERSION = YES;
				CLANG_WARN_DIRECT_OBJC_ISA_USAGE = YES_ERROR;
				CLANG_WARN_DOCUMENTATION_COMMENTS = YES;
				CLANG_WARN_EMPTY_BODY = YES;
				CLANG_WARN_ENUM_CONVERSION = YES;
				CLANG_WARN_INFINITE_RECURSION = YES;
				CLANG_WARN_INT_CONVERSION = YES;
				CLANG_WARN_OBJC_ROOT_CLASS = YES_ERROR;
				CLANG_WARN_SUSPICIOUS_MOVE = YES;
				CLANG_WARN_UNREACHABLE_CODE = YES;
				CLANG_WARN__DUPLICATE_METHOD_MATCH = YES;
				"CODE_SIGN_IDENTITY[sdk=iphoneos*]" = "iPhone Developer";
				COPY_PHASE_STRIP = NO;
				DEBUG_INFORMATION_FORMAT = "dwarf-with-dsym";
				ENABLE_NS_ASSERTIONS = NO;
				ENABLE_STRICT_OBJC_MSGSEND = YES;
				GCC_C_LANGUAGE_STANDARD = gnu99;
				GCC_NO_COMMON_BLOCKS = YES;
				GCC_WARN_64_TO_32_BIT_CONVERSION = YES;
				GCC_WARN_ABOUT_RETURN_TYPE = YES_ERROR;
				GCC_WARN_UNDECLARED_SELECTOR = YES;
				GCC_WARN_UNINITIALIZED_AUTOS = YES_AGGRESSIVE;
				GCC_WARN_UNUSED_FUNCTION = YES;
				GCC_WARN_UNUSED_VARIABLE = YES;
				IPHONEOS_DEPLOYMENT_TARGET = 10.2;
				MTL_ENABLE_DEBUG_INFO = NO;
				SDKROOT = iphoneos;
				TARGETED_DEVICE_FAMILY = "1,2";
				VALIDATE_PRODUCT = YES;
			};
			name = Release;
		};
		37FF5D001E0D690800F07CB8 /* Debug */ = {
			isa = XCBuildConfiguration;
			baseConfigurationReference = 13340DF9D617486E4636CFAB /* Pods-crliving.debug.xcconfig */;
			buildSettings = {
				ASSETCATALOG_COMPILER_APPICON_NAME = AppIcon;
				ASSETCATALOG_COMPILER_LAUNCHIMAGE_NAME = LaunchImage;
				INFOPLIST_FILE = crliving/Info.plist;
				IPHONEOS_DEPLOYMENT_TARGET = 9.3;
				LD_RUNPATH_SEARCH_PATHS = "$(inherited) @executable_path/Frameworks";
				PRODUCT_BUNDLE_IDENTIFIER = bing.crliving;
				PRODUCT_NAME = "$(TARGET_NAME)";
			};
			name = Debug;
		};
		37FF5D011E0D690800F07CB8 /* Release */ = {
			isa = XCBuildConfiguration;
			baseConfigurationReference = 06BF2FE80631EE72615FD9F8 /* Pods-crliving.release.xcconfig */;
			buildSettings = {
				ASSETCATALOG_COMPILER_APPICON_NAME = AppIcon;
				ASSETCATALOG_COMPILER_LAUNCHIMAGE_NAME = LaunchImage;
				INFOPLIST_FILE = crliving/Info.plist;
				IPHONEOS_DEPLOYMENT_TARGET = 9.3;
				LD_RUNPATH_SEARCH_PATHS = "$(inherited) @executable_path/Frameworks";
				PRODUCT_BUNDLE_IDENTIFIER = bing.crliving;
				PRODUCT_NAME = "$(TARGET_NAME)";
			};
			name = Release;
		};
		37FF5D031E0D690800F07CB8 /* Debug */ = {
			isa = XCBuildConfiguration;
			baseConfigurationReference = 3D526EC2AED7837C66504E87 /* Pods-crlivingTests.debug.xcconfig */;
			buildSettings = {
				BUNDLE_LOADER = "$(TEST_HOST)";
				INFOPLIST_FILE = crlivingTests/Info.plist;
				LD_RUNPATH_SEARCH_PATHS = "$(inherited) @executable_path/Frameworks @loader_path/Frameworks";
				PRODUCT_BUNDLE_IDENTIFIER = bing.crlivingTests;
				PRODUCT_NAME = "$(TARGET_NAME)";
				TEST_HOST = "$(BUILT_PRODUCTS_DIR)/crliving.app/crliving";
			};
			name = Debug;
		};
		37FF5D041E0D690800F07CB8 /* Release */ = {
			isa = XCBuildConfiguration;
			baseConfigurationReference = 278F66FCEE9EFB18B3D85936 /* Pods-crlivingTests.release.xcconfig */;
			buildSettings = {
				BUNDLE_LOADER = "$(TEST_HOST)";
				INFOPLIST_FILE = crlivingTests/Info.plist;
				LD_RUNPATH_SEARCH_PATHS = "$(inherited) @executable_path/Frameworks @loader_path/Frameworks";
				PRODUCT_BUNDLE_IDENTIFIER = bing.crlivingTests;
				PRODUCT_NAME = "$(TARGET_NAME)";
				TEST_HOST = "$(BUILT_PRODUCTS_DIR)/crliving.app/crliving";
			};
			name = Release;
		};
		37FF5D061E0D690800F07CB8 /* Debug */ = {
			isa = XCBuildConfiguration;
			baseConfigurationReference = CE25E53C910E8E35FA9F7ADD /* Pods-crlivingUITests.debug.xcconfig */;
			buildSettings = {
				INFOPLIST_FILE = crlivingUITests/Info.plist;
				LD_RUNPATH_SEARCH_PATHS = "$(inherited) @executable_path/Frameworks @loader_path/Frameworks";
				PRODUCT_BUNDLE_IDENTIFIER = bing.crlivingUITests;
				PRODUCT_NAME = "$(TARGET_NAME)";
				TEST_TARGET_NAME = crliving;
			};
			name = Debug;
		};
		37FF5D071E0D690800F07CB8 /* Release */ = {
			isa = XCBuildConfiguration;
			baseConfigurationReference = 217EE0CEDFB4226962D43F12 /* Pods-crlivingUITests.release.xcconfig */;
			buildSettings = {
				INFOPLIST_FILE = crlivingUITests/Info.plist;
				LD_RUNPATH_SEARCH_PATHS = "$(inherited) @executable_path/Frameworks @loader_path/Frameworks";
				PRODUCT_BUNDLE_IDENTIFIER = bing.crlivingUITests;
				PRODUCT_NAME = "$(TARGET_NAME)";
				TEST_TARGET_NAME = crliving;
			};
			name = Release;
		};
/* End XCBuildConfiguration section */

/* Begin XCConfigurationList section */
		37FF5CCD1E0D690800F07CB8 /* Build configuration list for PBXProject "crliving" */ = {
			isa = XCConfigurationList;
			buildConfigurations = (
				37FF5CFD1E0D690800F07CB8 /* Debug */,
				37FF5CFE1E0D690800F07CB8 /* Release */,
			);
			defaultConfigurationIsVisible = 0;
			defaultConfigurationName = Release;
		};
		37FF5CFF1E0D690800F07CB8 /* Build configuration list for PBXNativeTarget "crliving" */ = {
			isa = XCConfigurationList;
			buildConfigurations = (
				37FF5D001E0D690800F07CB8 /* Debug */,
				37FF5D011E0D690800F07CB8 /* Release */,
			);
			defaultConfigurationIsVisible = 0;
			defaultConfigurationName = Release;
		};
		37FF5D021E0D690800F07CB8 /* Build configuration list for PBXNativeTarget "crlivingTests" */ = {
			isa = XCConfigurationList;
			buildConfigurations = (
				37FF5D031E0D690800F07CB8 /* Debug */,
				37FF5D041E0D690800F07CB8 /* Release */,
			);
			defaultConfigurationIsVisible = 0;
			defaultConfigurationName = Release;
		};
		37FF5D051E0D690800F07CB8 /* Build configuration list for PBXNativeTarget "crlivingUITests" */ = {
			isa = XCConfigurationList;
			buildConfigurations = (
				37FF5D061E0D690800F07CB8 /* Debug */,
				37FF5D071E0D690800F07CB8 /* Release */,
			);
			defaultConfigurationIsVisible = 0;
			defaultConfigurationName = Release;
		};
/* End XCConfigurationList section */
	};
	rootObject = 37FF5CCA1E0D690800F07CB8 /* Project object */;
}
